// !$*UTF8*$!
{
	archiveVersion = 1;
	classes = {
	};
	objectVersion = 46;
	objects = {

/* Begin PBXBuildFile section */
		4C53BCE11CDAE3E200E1DE3F /* main.m in Sources */ = {isa = PBXBuildFile; fileRef = 4C53BCE01CDAE3E200E1DE3F /* main.m */; };
		4C53BCE41CDAE3E200E1DE3F /* AppDelegate.m in Sources */ = {isa = PBXBuildFile; fileRef = 4C53BCE31CDAE3E200E1DE3F /* AppDelegate.m */; };
		4C53BCE71CDAE3E200E1DE3F /* ViewController.m in Sources */ = {isa = PBXBuildFile; fileRef = 4C53BCE61CDAE3E200E1DE3F /* ViewController.m */; };
		4C53BCEA1CDAE3E200E1DE3F /* Main.storyboard in Resources */ = {isa = PBXBuildFile; fileRef = 4C53BCE81CDAE3E200E1DE3F /* Main.storyboard */; };
		4C53BCEC1CDAE3E200E1DE3F /* Assets.xcassets in Resources */ = {isa = PBXBuildFile; fileRef = 4C53BCEB1CDAE3E200E1DE3F /* Assets.xcassets */; };
		4C53BCEF1CDAE3E200E1DE3F /* LaunchScreen.storyboard in Resources */ = {isa = PBXBuildFile; fileRef = 4C53BCED1CDAE3E200E1DE3F /* LaunchScreen.storyboard */; };
		4C53BCFA1CDAE3E200E1DE3F /* KBPersistanceTests.m in Sources */ = {isa = PBXBuildFile; fileRef = 4C53BCF91CDAE3E200E1DE3F /* KBPersistanceTests.m */; };
		4C53BD051CDAE3E200E1DE3F /* KBPersistanceUITests.m in Sources */ = {isa = PBXBuildFile; fileRef = 4C53BD041CDAE3E200E1DE3F /* KBPersistanceUITests.m */; };
		4C53BD131CDAEBEB00E1DE3F /* libsqlite3.0.tbd in Frameworks */ = {isa = PBXBuildFile; fileRef = 4C53BD121CDAEBEB00E1DE3F /* libsqlite3.0.tbd */; };
		4C53BD181CDAEC5F00E1DE3F /* KBDataBase.m in Sources */ = {isa = PBXBuildFile; fileRef = 4C53BD171CDAEC5F00E1DE3F /* KBDataBase.m */; };
		4C53BD1C1CDB13A700E1DE3F /* KBDatabasePool.m in Sources */ = {isa = PBXBuildFile; fileRef = 4C53BD1B1CDB13A700E1DE3F /* KBDatabasePool.m */; };
		4C53BD211CDB21D400E1DE3F /* TestInsertData.m in Sources */ = {isa = PBXBuildFile; fileRef = 4C53BD201CDB21D400E1DE3F /* TestInsertData.m */; };
		4C53BD251CDB22A200E1DE3F /* KBPersistanceTable.m in Sources */ = {isa = PBXBuildFile; fileRef = 4C53BD241CDB22A200E1DE3F /* KBPersistanceTable.m */; };
		4C53BD291CDB250900E1DE3F /* KBQueryCommand.m in Sources */ = {isa = PBXBuildFile; fileRef = 4C53BD281CDB250900E1DE3F /* KBQueryCommand.m */; };
		4C53BD2D1CDB358B00E1DE3F /* KBQueryCommand+SchemaManipulations.m in Sources */ = {isa = PBXBuildFile; fileRef = 4C53BD2C1CDB358B00E1DE3F /* KBQueryCommand+SchemaManipulations.m */; };
		4C53BD331CDB375100E1DE3F /* NSString+SQL.m in Sources */ = {isa = PBXBuildFile; fileRef = 4C53BD321CDB375100E1DE3F /* NSString+SQL.m */; };
		4C53BD391CDB499600E1DE3F /* KBPersistanceRecord.m in Sources */ = {isa = PBXBuildFile; fileRef = 4C53BD381CDB499600E1DE3F /* KBPersistanceRecord.m */; };
		4C53BD3D1CDB4F2400E1DE3F /* KBPersistanceTable+Insert.m in Sources */ = {isa = PBXBuildFile; fileRef = 4C53BD3C1CDB4F2400E1DE3F /* KBPersistanceTable+Insert.m */; };
		4C53BD411CDB528200E1DE3F /* KBQueryCommand+DataManipulations.m in Sources */ = {isa = PBXBuildFile; fileRef = 4C53BD401CDB528200E1DE3F /* KBQueryCommand+DataManipulations.m */; };
		4C7986E01CDC49E700298BB3 /* KBQueryCommand+Status.m in Sources */ = {isa = PBXBuildFile; fileRef = 4C7986DF1CDC49E700298BB3 /* KBQueryCommand+Status.m */; };
/* End PBXBuildFile section */

/* Begin PBXContainerItemProxy section */
		4C53BCF61CDAE3E200E1DE3F /* PBXContainerItemProxy */ = {
			isa = PBXContainerItemProxy;
			containerPortal = 4C53BCD41CDAE3E200E1DE3F /* Project object */;
			proxyType = 1;
			remoteGlobalIDString = 4C53BCDB1CDAE3E200E1DE3F;
			remoteInfo = KBPersistance;
		};
		4C53BD011CDAE3E200E1DE3F /* PBXContainerItemProxy */ = {
			isa = PBXContainerItemProxy;
			containerPortal = 4C53BCD41CDAE3E200E1DE3F /* Project object */;
			proxyType = 1;
			remoteGlobalIDString = 4C53BCDB1CDAE3E200E1DE3F;
			remoteInfo = KBPersistance;
		};
/* End PBXContainerItemProxy section */

/* Begin PBXFileReference section */
		4C53BCDC1CDAE3E200E1DE3F /* KBPersistance.app */ = {isa = PBXFileReference; explicitFileType = wrapper.application; includeInIndex = 0; path = KBPersistance.app; sourceTree = BUILT_PRODUCTS_DIR; };
		4C53BCE01CDAE3E200E1DE3F /* main.m */ = {isa = PBXFileReference; lastKnownFileType = sourcecode.c.objc; path = main.m; sourceTree = "<group>"; };
		4C53BCE21CDAE3E200E1DE3F /* AppDelegate.h */ = {isa = PBXFileReference; lastKnownFileType = sourcecode.c.h; path = AppDelegate.h; sourceTree = "<group>"; };
		4C53BCE31CDAE3E200E1DE3F /* AppDelegate.m */ = {isa = PBXFileReference; lastKnownFileType = sourcecode.c.objc; path = AppDelegate.m; sourceTree = "<group>"; };
		4C53BCE51CDAE3E200E1DE3F /* ViewController.h */ = {isa = PBXFileReference; lastKnownFileType = sourcecode.c.h; path = ViewController.h; sourceTree = "<group>"; };
		4C53BCE61CDAE3E200E1DE3F /* ViewController.m */ = {isa = PBXFileReference; lastKnownFileType = sourcecode.c.objc; path = ViewController.m; sourceTree = "<group>"; };
		4C53BCE91CDAE3E200E1DE3F /* Base */ = {isa = PBXFileReference; lastKnownFileType = file.storyboard; name = Base; path = Base.lproj/Main.storyboard; sourceTree = "<group>"; };
		4C53BCEB1CDAE3E200E1DE3F /* Assets.xcassets */ = {isa = PBXFileReference; lastKnownFileType = folder.assetcatalog; path = Assets.xcassets; sourceTree = "<group>"; };
		4C53BCEE1CDAE3E200E1DE3F /* Base */ = {isa = PBXFileReference; lastKnownFileType = file.storyboard; name = Base; path = Base.lproj/LaunchScreen.storyboard; sourceTree = "<group>"; };
		4C53BCF01CDAE3E200E1DE3F /* Info.plist */ = {isa = PBXFileReference; lastKnownFileType = text.plist.xml; path = Info.plist; sourceTree = "<group>"; };
		4C53BCF51CDAE3E200E1DE3F /* KBPersistanceTests.xctest */ = {isa = PBXFileReference; explicitFileType = wrapper.cfbundle; includeInIndex = 0; path = KBPersistanceTests.xctest; sourceTree = BUILT_PRODUCTS_DIR; };
		4C53BCF91CDAE3E200E1DE3F /* KBPersistanceTests.m */ = {isa = PBXFileReference; lastKnownFileType = sourcecode.c.objc; path = KBPersistanceTests.m; sourceTree = "<group>"; };
		4C53BCFB1CDAE3E200E1DE3F /* Info.plist */ = {isa = PBXFileReference; lastKnownFileType = text.plist.xml; path = Info.plist; sourceTree = "<group>"; };
		4C53BD001CDAE3E200E1DE3F /* KBPersistanceUITests.xctest */ = {isa = PBXFileReference; explicitFileType = wrapper.cfbundle; includeInIndex = 0; path = KBPersistanceUITests.xctest; sourceTree = BUILT_PRODUCTS_DIR; };
		4C53BD041CDAE3E200E1DE3F /* KBPersistanceUITests.m */ = {isa = PBXFileReference; lastKnownFileType = sourcecode.c.objc; path = KBPersistanceUITests.m; sourceTree = "<group>"; };
		4C53BD061CDAE3E200E1DE3F /* Info.plist */ = {isa = PBXFileReference; lastKnownFileType = text.plist.xml; path = Info.plist; sourceTree = "<group>"; };
		4C53BD121CDAEBEB00E1DE3F /* libsqlite3.0.tbd */ = {isa = PBXFileReference; lastKnownFileType = "sourcecode.text-based-dylib-definition"; name = libsqlite3.0.tbd; path = usr/lib/libsqlite3.0.tbd; sourceTree = SDKROOT; };
		4C53BD161CDAEC5F00E1DE3F /* KBDataBase.h */ = {isa = PBXFileReference; fileEncoding = 4; lastKnownFileType = sourcecode.c.h; path = KBDataBase.h; sourceTree = "<group>"; };
		4C53BD171CDAEC5F00E1DE3F /* KBDataBase.m */ = {isa = PBXFileReference; fileEncoding = 4; lastKnownFileType = sourcecode.c.objc; path = KBDataBase.m; sourceTree = "<group>"; };
		4C53BD191CDAF20600E1DE3F /* KBDBConfiguration.h */ = {isa = PBXFileReference; lastKnownFileType = sourcecode.c.h; path = KBDBConfiguration.h; sourceTree = "<group>"; };
		4C53BD1A1CDB13A700E1DE3F /* KBDatabasePool.h */ = {isa = PBXFileReference; fileEncoding = 4; lastKnownFileType = sourcecode.c.h; path = KBDatabasePool.h; sourceTree = "<group>"; };
		4C53BD1B1CDB13A700E1DE3F /* KBDatabasePool.m */ = {isa = PBXFileReference; fileEncoding = 4; lastKnownFileType = sourcecode.c.objc; path = KBDatabasePool.m; sourceTree = "<group>"; };
		4C53BD1F1CDB21D400E1DE3F /* TestInsertData.h */ = {isa = PBXFileReference; fileEncoding = 4; lastKnownFileType = sourcecode.c.h; path = TestInsertData.h; sourceTree = "<group>"; };
		4C53BD201CDB21D400E1DE3F /* TestInsertData.m */ = {isa = PBXFileReference; fileEncoding = 4; lastKnownFileType = sourcecode.c.objc; path = TestInsertData.m; sourceTree = "<group>"; };
		4C53BD231CDB22A200E1DE3F /* KBPersistanceTable.h */ = {isa = PBXFileReference; fileEncoding = 4; lastKnownFileType = sourcecode.c.h; path = KBPersistanceTable.h; sourceTree = "<group>"; };
		4C53BD241CDB22A200E1DE3F /* KBPersistanceTable.m */ = {isa = PBXFileReference; fileEncoding = 4; lastKnownFileType = sourcecode.c.objc; path = KBPersistanceTable.m; sourceTree = "<group>"; };
		4C53BD271CDB250900E1DE3F /* KBQueryCommand.h */ = {isa = PBXFileReference; fileEncoding = 4; lastKnownFileType = sourcecode.c.h; path = KBQueryCommand.h; sourceTree = "<group>"; };
		4C53BD281CDB250900E1DE3F /* KBQueryCommand.m */ = {isa = PBXFileReference; fileEncoding = 4; lastKnownFileType = sourcecode.c.objc; path = KBQueryCommand.m; sourceTree = "<group>"; };
		4C53BD2B1CDB358B00E1DE3F /* KBQueryCommand+SchemaManipulations.h */ = {isa = PBXFileReference; fileEncoding = 4; lastKnownFileType = sourcecode.c.h; path = "KBQueryCommand+SchemaManipulations.h"; sourceTree = "<group>"; };
		4C53BD2C1CDB358B00E1DE3F /* KBQueryCommand+SchemaManipulations.m */ = {isa = PBXFileReference; fileEncoding = 4; lastKnownFileType = sourcecode.c.objc; path = "KBQueryCommand+SchemaManipulations.m"; sourceTree = "<group>"; };
		4C53BD311CDB375100E1DE3F /* NSString+SQL.h */ = {isa = PBXFileReference; fileEncoding = 4; lastKnownFileType = sourcecode.c.h; path = "NSString+SQL.h"; sourceTree = "<group>"; };
		4C53BD321CDB375100E1DE3F /* NSString+SQL.m */ = {isa = PBXFileReference; fileEncoding = 4; lastKnownFileType = sourcecode.c.objc; path = "NSString+SQL.m"; sourceTree = "<group>"; };
		4C53BD341CDB383000E1DE3F /* KBPersistanceMarcos.h */ = {isa = PBXFileReference; lastKnownFileType = sourcecode.c.h; path = KBPersistanceMarcos.h; sourceTree = "<group>"; };
		4C53BD351CDB43D300E1DE3F /* KBPersistance.h */ = {isa = PBXFileReference; lastKnownFileType = sourcecode.c.h; path = KBPersistance.h; sourceTree = "<group>"; };
		4C53BD371CDB499600E1DE3F /* KBPersistanceRecord.h */ = {isa = PBXFileReference; fileEncoding = 4; lastKnownFileType = sourcecode.c.h; path = KBPersistanceRecord.h; sourceTree = "<group>"; };
		4C53BD381CDB499600E1DE3F /* KBPersistanceRecord.m */ = {isa = PBXFileReference; fileEncoding = 4; lastKnownFileType = sourcecode.c.objc; path = KBPersistanceRecord.m; sourceTree = "<group>"; };
		4C53BD3B1CDB4F2400E1DE3F /* KBPersistanceTable+Insert.h */ = {isa = PBXFileReference; fileEncoding = 4; lastKnownFileType = sourcecode.c.h; path = "KBPersistanceTable+Insert.h"; sourceTree = "<group>"; };
		4C53BD3C1CDB4F2400E1DE3F /* KBPersistanceTable+Insert.m */ = {isa = PBXFileReference; fileEncoding = 4; lastKnownFileType = sourcecode.c.objc; path = "KBPersistanceTable+Insert.m"; sourceTree = "<group>"; };
		4C53BD3F1CDB528200E1DE3F /* KBQueryCommand+DataManipulations.h */ = {isa = PBXFileReference; fileEncoding = 4; lastKnownFileType = sourcecode.c.h; path = "KBQueryCommand+DataManipulations.h"; sourceTree = "<group>"; };
		4C53BD401CDB528200E1DE3F /* KBQueryCommand+DataManipulations.m */ = {isa = PBXFileReference; fileEncoding = 4; lastKnownFileType = sourcecode.c.objc; path = "KBQueryCommand+DataManipulations.m"; sourceTree = "<group>"; };
		4C7986DE1CDC49E700298BB3 /* KBQueryCommand+Status.h */ = {isa = PBXFileReference; fileEncoding = 4; lastKnownFileType = sourcecode.c.h; path = "KBQueryCommand+Status.h"; sourceTree = "<group>"; };
		4C7986DF1CDC49E700298BB3 /* KBQueryCommand+Status.m */ = {isa = PBXFileReference; fileEncoding = 4; lastKnownFileType = sourcecode.c.objc; path = "KBQueryCommand+Status.m"; sourceTree = "<group>"; };
/* End PBXFileReference section */

/* Begin PBXFrameworksBuildPhase section */
		4C53BCD91CDAE3E200E1DE3F /* Frameworks */ = {
			isa = PBXFrameworksBuildPhase;
			buildActionMask = 2147483647;
			files = (
				4C53BD131CDAEBEB00E1DE3F /* libsqlite3.0.tbd in Frameworks */,
			);
			runOnlyForDeploymentPostprocessing = 0;
		};
		4C53BCF21CDAE3E200E1DE3F /* Frameworks */ = {
			isa = PBXFrameworksBuildPhase;
			buildActionMask = 2147483647;
			files = (
			);
			runOnlyForDeploymentPostprocessing = 0;
		};
		4C53BCFD1CDAE3E200E1DE3F /* Frameworks */ = {
			isa = PBXFrameworksBuildPhase;
			buildActionMask = 2147483647;
			files = (
			);
			runOnlyForDeploymentPostprocessing = 0;
		};
/* End PBXFrameworksBuildPhase section */

/* Begin PBXGroup section */
		4C53BCD31CDAE3E200E1DE3F = {
			isa = PBXGroup;
			children = (
				4C53BD121CDAEBEB00E1DE3F /* libsqlite3.0.tbd */,
				4C53BCDE1CDAE3E200E1DE3F /* KBPersistance */,
				4C53BCF81CDAE3E200E1DE3F /* KBPersistanceTests */,
				4C53BD031CDAE3E200E1DE3F /* KBPersistanceUITests */,
				4C53BCDD1CDAE3E200E1DE3F /* Products */,
			);
			sourceTree = "<group>";
		};
		4C53BCDD1CDAE3E200E1DE3F /* Products */ = {
			isa = PBXGroup;
			children = (
				4C53BCDC1CDAE3E200E1DE3F /* KBPersistance.app */,
				4C53BCF51CDAE3E200E1DE3F /* KBPersistanceTests.xctest */,
				4C53BD001CDAE3E200E1DE3F /* KBPersistanceUITests.xctest */,
			);
			name = Products;
			sourceTree = "<group>";
		};
		4C53BCDE1CDAE3E200E1DE3F /* KBPersistance */ = {
			isa = PBXGroup;
			children = (
				4C53BD1D1CDB21A300E1DE3F /* Test */,
				4C53BD141CDAEC2D00E1DE3F /* KBPersistance */,
				4C53BCE21CDAE3E200E1DE3F /* AppDelegate.h */,
				4C53BCE31CDAE3E200E1DE3F /* AppDelegate.m */,
				4C53BCE51CDAE3E200E1DE3F /* ViewController.h */,
				4C53BCE61CDAE3E200E1DE3F /* ViewController.m */,
				4C53BCE81CDAE3E200E1DE3F /* Main.storyboard */,
				4C53BCEB1CDAE3E200E1DE3F /* Assets.xcassets */,
				4C53BCED1CDAE3E200E1DE3F /* LaunchScreen.storyboard */,
				4C53BCF01CDAE3E200E1DE3F /* Info.plist */,
				4C53BCDF1CDAE3E200E1DE3F /* Supporting Files */,
			);
			path = KBPersistance;
			sourceTree = "<group>";
		};
		4C53BCDF1CDAE3E200E1DE3F /* Supporting Files */ = {
			isa = PBXGroup;
			children = (
				4C53BCE01CDAE3E200E1DE3F /* main.m */,
			);
			name = "Supporting Files";
			sourceTree = "<group>";
		};
		4C53BCF81CDAE3E200E1DE3F /* KBPersistanceTests */ = {
			isa = PBXGroup;
			children = (
				4C53BCF91CDAE3E200E1DE3F /* KBPersistanceTests.m */,
				4C53BCFB1CDAE3E200E1DE3F /* Info.plist */,
			);
			path = KBPersistanceTests;
			sourceTree = "<group>";
		};
		4C53BD031CDAE3E200E1DE3F /* KBPersistanceUITests */ = {
			isa = PBXGroup;
			children = (
				4C53BD041CDAE3E200E1DE3F /* KBPersistanceUITests.m */,
				4C53BD061CDAE3E200E1DE3F /* Info.plist */,
			);
			path = KBPersistanceUITests;
			sourceTree = "<group>";
		};
		4C53BD141CDAEC2D00E1DE3F /* KBPersistance */ = {
			isa = PBXGroup;
			children = (
				4C53BD361CDB495200E1DE3F /* Record */,
				4C53BD2E1CDB372D00E1DE3F /* Categories */,
				4C53BD261CDB24D300E1DE3F /* QueryCommand */,
				4C53BD221CDB221D00E1DE3F /* Table */,
				4C53BD151CDAEC2D00E1DE3F /* Database */,
				4C53BD191CDAF20600E1DE3F /* KBDBConfiguration.h */,
				4C53BD341CDB383000E1DE3F /* KBPersistanceMarcos.h */,
				4C53BD351CDB43D300E1DE3F /* KBPersistance.h */,
			);
			path = KBPersistance;
			sourceTree = "<group>";
		};
		4C53BD151CDAEC2D00E1DE3F /* Database */ = {
			isa = PBXGroup;
			children = (
				4C53BD161CDAEC5F00E1DE3F /* KBDataBase.h */,
				4C53BD171CDAEC5F00E1DE3F /* KBDataBase.m */,
				4C53BD1A1CDB13A700E1DE3F /* KBDatabasePool.h */,
				4C53BD1B1CDB13A700E1DE3F /* KBDatabasePool.m */,
			);
			path = Database;
			sourceTree = "<group>";
		};
		4C53BD1D1CDB21A300E1DE3F /* Test */ = {
			isa = PBXGroup;
			children = (
				4C53BD1E1CDB21A300E1DE3F /* CURD */,
			);
			path = Test;
			sourceTree = "<group>";
		};
		4C53BD1E1CDB21A300E1DE3F /* CURD */ = {
			isa = PBXGroup;
			children = (
				4C53BD1F1CDB21D400E1DE3F /* TestInsertData.h */,
				4C53BD201CDB21D400E1DE3F /* TestInsertData.m */,
			);
			path = CURD;
			sourceTree = "<group>";
		};
		4C53BD221CDB221D00E1DE3F /* Table */ = {
			isa = PBXGroup;
			children = (
				4C53BD3A1CDB4EFB00E1DE3F /* Insert */,
				4C53BD231CDB22A200E1DE3F /* KBPersistanceTable.h */,
				4C53BD241CDB22A200E1DE3F /* KBPersistanceTable.m */,
			);
			path = Table;
			sourceTree = "<group>";
		};
		4C53BD261CDB24D300E1DE3F /* QueryCommand */ = {
			isa = PBXGroup;
			children = (
				4C7986DD1CDC49A100298BB3 /* StatusMethods */,
				4C53BD3E1CDB525A00E1DE3F /* DataManipulations */,
				4C53BD2A1CDB356800E1DE3F /* SchemaManipulations */,
				4C53BD271CDB250900E1DE3F /* KBQueryCommand.h */,
				4C53BD281CDB250900E1DE3F /* KBQueryCommand.m */,
			);
			path = QueryCommand;
			sourceTree = "<group>";
		};
		4C53BD2A1CDB356800E1DE3F /* SchemaManipulations */ = {
			isa = PBXGroup;
			children = (
				4C53BD2B1CDB358B00E1DE3F /* KBQueryCommand+SchemaManipulations.h */,
				4C53BD2C1CDB358B00E1DE3F /* KBQueryCommand+SchemaManipulations.m */,
			);
			path = SchemaManipulations;
			sourceTree = "<group>";
		};
		4C53BD2E1CDB372D00E1DE3F /* Categories */ = {
			isa = PBXGroup;
			children = (
				4C53BD2F1CDB372D00E1DE3F /* NSSting */,
			);
			path = Categories;
			sourceTree = "<group>";
		};
		4C53BD2F1CDB372D00E1DE3F /* NSSting */ = {
			isa = PBXGroup;
			children = (
				4C53BD301CDB373900E1DE3F /* SQL */,
			);
			path = NSSting;
			sourceTree = "<group>";
		};
		4C53BD301CDB373900E1DE3F /* SQL */ = {
			isa = PBXGroup;
			children = (
				4C53BD311CDB375100E1DE3F /* NSString+SQL.h */,
				4C53BD321CDB375100E1DE3F /* NSString+SQL.m */,
			);
			name = SQL;
			sourceTree = "<group>";
		};
		4C53BD361CDB495200E1DE3F /* Record */ = {
			isa = PBXGroup;
			children = (
				4C53BD371CDB499600E1DE3F /* KBPersistanceRecord.h */,
				4C53BD381CDB499600E1DE3F /* KBPersistanceRecord.m */,
			);
			path = Record;
			sourceTree = "<group>";
		};
		4C53BD3A1CDB4EFB00E1DE3F /* Insert */ = {
			isa = PBXGroup;
			children = (
				4C53BD3B1CDB4F2400E1DE3F /* KBPersistanceTable+Insert.h */,
				4C53BD3C1CDB4F2400E1DE3F /* KBPersistanceTable+Insert.m */,
			);
			name = Insert;
			sourceTree = "<group>";
		};
		4C53BD3E1CDB525A00E1DE3F /* DataManipulations */ = {
			isa = PBXGroup;
			children = (
				4C53BD3F1CDB528200E1DE3F /* KBQueryCommand+DataManipulations.h */,
				4C53BD401CDB528200E1DE3F /* KBQueryCommand+DataManipulations.m */,
			);
			name = DataManipulations;
			sourceTree = "<group>";
		};
		4C7986DD1CDC49A100298BB3 /* StatusMethods */ = {
			isa = PBXGroup;
			children = (
				4C7986DE1CDC49E700298BB3 /* KBQueryCommand+Status.h */,
				4C7986DF1CDC49E700298BB3 /* KBQueryCommand+Status.m */,
			);
			name = StatusMethods;
			sourceTree = "<group>";
		};
/* End PBXGroup section */

/* Begin PBXNativeTarget section */
		4C53BCDB1CDAE3E200E1DE3F /* KBPersistance */ = {
			isa = PBXNativeTarget;
			buildConfigurationList = 4C53BD091CDAE3E200E1DE3F /* Build configuration list for PBXNativeTarget "KBPersistance" */;
			buildPhases = (
				4C53BCD81CDAE3E200E1DE3F /* Sources */,
				4C53BCD91CDAE3E200E1DE3F /* Frameworks */,
				4C53BCDA1CDAE3E200E1DE3F /* Resources */,
			);
			buildRules = (
			);
			dependencies = (
			);
			name = KBPersistance;
			productName = KBPersistance;
			productReference = 4C53BCDC1CDAE3E200E1DE3F /* KBPersistance.app */;
			productType = "com.apple.product-type.application";
		};
		4C53BCF41CDAE3E200E1DE3F /* KBPersistanceTests */ = {
			isa = PBXNativeTarget;
			buildConfigurationList = 4C53BD0C1CDAE3E200E1DE3F /* Build configuration list for PBXNativeTarget "KBPersistanceTests" */;
			buildPhases = (
				4C53BCF11CDAE3E200E1DE3F /* Sources */,
				4C53BCF21CDAE3E200E1DE3F /* Frameworks */,
				4C53BCF31CDAE3E200E1DE3F /* Resources */,
			);
			buildRules = (
			);
			dependencies = (
				4C53BCF71CDAE3E200E1DE3F /* PBXTargetDependency */,
			);
			name = KBPersistanceTests;
			productName = KBPersistanceTests;
			productReference = 4C53BCF51CDAE3E200E1DE3F /* KBPersistanceTests.xctest */;
			productType = "com.apple.product-type.bundle.unit-test";
		};
		4C53BCFF1CDAE3E200E1DE3F /* KBPersistanceUITests */ = {
			isa = PBXNativeTarget;
			buildConfigurationList = 4C53BD0F1CDAE3E200E1DE3F /* Build configuration list for PBXNativeTarget "KBPersistanceUITests" */;
			buildPhases = (
				4C53BCFC1CDAE3E200E1DE3F /* Sources */,
				4C53BCFD1CDAE3E200E1DE3F /* Frameworks */,
				4C53BCFE1CDAE3E200E1DE3F /* Resources */,
			);
			buildRules = (
			);
			dependencies = (
				4C53BD021CDAE3E200E1DE3F /* PBXTargetDependency */,
			);
			name = KBPersistanceUITests;
			productName = KBPersistanceUITests;
			productReference = 4C53BD001CDAE3E200E1DE3F /* KBPersistanceUITests.xctest */;
			productType = "com.apple.product-type.bundle.ui-testing";
		};
/* End PBXNativeTarget section */

/* Begin PBXProject section */
		4C53BCD41CDAE3E200E1DE3F /* Project object */ = {
			isa = PBXProject;
			attributes = {
				LastUpgradeCheck = 0720;
				ORGANIZATIONNAME = "Gan Tian";
				TargetAttributes = {
					4C53BCDB1CDAE3E200E1DE3F = {
						CreatedOnToolsVersion = 7.2;
					};
					4C53BCF41CDAE3E200E1DE3F = {
						CreatedOnToolsVersion = 7.2;
						TestTargetID = 4C53BCDB1CDAE3E200E1DE3F;
					};
					4C53BCFF1CDAE3E200E1DE3F = {
						CreatedOnToolsVersion = 7.2;
						TestTargetID = 4C53BCDB1CDAE3E200E1DE3F;
					};
				};
			};
			buildConfigurationList = 4C53BCD71CDAE3E200E1DE3F /* Build configuration list for PBXProject "KBPersistance" */;
			compatibilityVersion = "Xcode 3.2";
			developmentRegion = English;
			hasScannedForEncodings = 0;
			knownRegions = (
				en,
				Base,
			);
			mainGroup = 4C53BCD31CDAE3E200E1DE3F;
			productRefGroup = 4C53BCDD1CDAE3E200E1DE3F /* Products */;
			projectDirPath = "";
			projectRoot = "";
			targets = (
				4C53BCDB1CDAE3E200E1DE3F /* KBPersistance */,
				4C53BCF41CDAE3E200E1DE3F /* KBPersistanceTests */,
				4C53BCFF1CDAE3E200E1DE3F /* KBPersistanceUITests */,
			);
		};
/* End PBXProject section */

/* Begin PBXResourcesBuildPhase section */
		4C53BCDA1CDAE3E200E1DE3F /* Resources */ = {
			isa = PBXResourcesBuildPhase;
			buildActionMask = 2147483647;
			files = (
				4C53BCEF1CDAE3E200E1DE3F /* LaunchScreen.storyboard in Resources */,
				4C53BCEC1CDAE3E200E1DE3F /* Assets.xcassets in Resources */,
				4C53BCEA1CDAE3E200E1DE3F /* Main.storyboard in Resources */,
			);
			runOnlyForDeploymentPostprocessing = 0;
		};
		4C53BCF31CDAE3E200E1DE3F /* Resources */ = {
			isa = PBXResourcesBuildPhase;
			buildActionMask = 2147483647;
			files = (
			);
			runOnlyForDeploymentPostprocessing = 0;
		};
		4C53BCFE1CDAE3E200E1DE3F /* Resources */ = {
			isa = PBXResourcesBuildPhase;
			buildActionMask = 2147483647;
			files = (
			);
			runOnlyForDeploymentPostprocessing = 0;
		};
/* End PBXResourcesBuildPhase section */

/* Begin PBXSourcesBuildPhase section */
		4C53BCD81CDAE3E200E1DE3F /* Sources */ = {
			isa = PBXSourcesBuildPhase;
			buildActionMask = 2147483647;
			files = (
				4C53BD211CDB21D400E1DE3F /* TestInsertData.m in Sources */,
				4C53BD1C1CDB13A700E1DE3F /* KBDatabasePool.m in Sources */,
				4C53BD331CDB375100E1DE3F /* NSString+SQL.m in Sources */,
				4C7986E01CDC49E700298BB3 /* KBQueryCommand+Status.m in Sources */,
				4C53BCE71CDAE3E200E1DE3F /* ViewController.m in Sources */,
				4C53BD181CDAEC5F00E1DE3F /* KBDataBase.m in Sources */,
				4C53BCE41CDAE3E200E1DE3F /* AppDelegate.m in Sources */,
				4C53BD391CDB499600E1DE3F /* KBPersistanceRecord.m in Sources */,
				4C53BD411CDB528200E1DE3F /* KBQueryCommand+DataManipulations.m in Sources */,
				4C53BD291CDB250900E1DE3F /* KBQueryCommand.m in Sources */,
				4C53BD3D1CDB4F2400E1DE3F /* KBPersistanceTable+Insert.m in Sources */,
				4C53BD251CDB22A200E1DE3F /* KBPersistanceTable.m in Sources */,
				4C53BCE11CDAE3E200E1DE3F /* main.m in Sources */,
				4C53BD2D1CDB358B00E1DE3F /* KBQueryCommand+SchemaManipulations.m in Sources */,
			);
			runOnlyForDeploymentPostprocessing = 0;
		};
		4C53BCF11CDAE3E200E1DE3F /* Sources */ = {
			isa = PBXSourcesBuildPhase;
			buildActionMask = 2147483647;
			files = (
				4C53BCFA1CDAE3E200E1DE3F /* KBPersistanceTests.m in Sources */,
			);
			runOnlyForDeploymentPostprocessing = 0;
		};
		4C53BCFC1CDAE3E200E1DE3F /* Sources */ = {
			isa = PBXSourcesBuildPhase;
			buildActionMask = 2147483647;
			files = (
				4C53BD051CDAE3E200E1DE3F /* KBPersistanceUITests.m in Sources */,
			);
			runOnlyForDeploymentPostprocessing = 0;
		};
/* End PBXSourcesBuildPhase section */

/* Begin PBXTargetDependency section */
		4C53BCF71CDAE3E200E1DE3F /* PBXTargetDependency */ = {
			isa = PBXTargetDependency;
			target = 4C53BCDB1CDAE3E200E1DE3F /* KBPersistance */;
			targetProxy = 4C53BCF61CDAE3E200E1DE3F /* PBXContainerItemProxy */;
		};
		4C53BD021CDAE3E200E1DE3F /* PBXTargetDependency */ = {
			isa = PBXTargetDependency;
			target = 4C53BCDB1CDAE3E200E1DE3F /* KBPersistance */;
			targetProxy = 4C53BD011CDAE3E200E1DE3F /* PBXContainerItemProxy */;
		};
/* End PBXTargetDependency section */

/* Begin PBXVariantGroup section */
		4C53BCE81CDAE3E200E1DE3F /* Main.storyboard */ = {
			isa = PBXVariantGroup;
			children = (
				4C53BCE91CDAE3E200E1DE3F /* Base */,
			);
			name = Main.storyboard;
			sourceTree = "<group>";
		};
		4C53BCED1CDAE3E200E1DE3F /* LaunchScreen.storyboard */ = {
			isa = PBXVariantGroup;
			children = (
				4C53BCEE1CDAE3E200E1DE3F /* Base */,
			);
			name = LaunchScreen.storyboard;
			sourceTree = "<group>";
		};
/* End PBXVariantGroup section */

/* Begin XCBuildConfiguration section */
		4C53BD071CDAE3E200E1DE3F /* Debug */ = {
			isa = XCBuildConfiguration;
			buildSettings = {
				ALWAYS_SEARCH_USER_PATHS = NO;
				CLANG_CXX_LANGUAGE_STANDARD = "gnu++0x";
				CLANG_CXX_LIBRARY = "libc++";
				CLANG_ENABLE_MODULES = YES;
				CLANG_ENABLE_OBJC_ARC = YES;
				CLANG_WARN_BOOL_CONVERSION = YES;
				CLANG_WARN_CONSTANT_CONVERSION = YES;
				CLANG_WARN_DIRECT_OBJC_ISA_USAGE = YES_ERROR;
				CLANG_WARN_EMPTY_BODY = YES;
				CLANG_WARN_ENUM_CONVERSION = YES;
				CLANG_WARN_INT_CONVERSION = YES;
				CLANG_WARN_OBJC_ROOT_CLASS = YES_ERROR;
				CLANG_WARN_UNREACHABLE_CODE = YES;
				CLANG_WARN__DUPLICATE_METHOD_MATCH = YES;
				"CODE_SIGN_IDENTITY[sdk=iphoneos*]" = "iPhone Developer";
				COPY_PHASE_STRIP = NO;
				DEBUG_INFORMATION_FORMAT = dwarf;
				ENABLE_STRICT_OBJC_MSGSEND = YES;
				ENABLE_TESTABILITY = YES;
				GCC_C_LANGUAGE_STANDARD = gnu99;
				GCC_DYNAMIC_NO_PIC = NO;
				GCC_NO_COMMON_BLOCKS = YES;
				GCC_OPTIMIZATION_LEVEL = 0;
				GCC_PREPROCESSOR_DEFINITIONS = (
					"DEBUG=1",
					"$(inherited)",
				);
				GCC_WARN_64_TO_32_BIT_CONVERSION = YES;
				GCC_WARN_ABOUT_RETURN_TYPE = YES_ERROR;
				GCC_WARN_UNDECLARED_SELECTOR = YES;
				GCC_WARN_UNINITIALIZED_AUTOS = YES_AGGRESSIVE;
				GCC_WARN_UNUSED_FUNCTION = YES;
				GCC_WARN_UNUSED_VARIABLE = YES;
				IPHONEOS_DEPLOYMENT_TARGET = 9.2;
				MTL_ENABLE_DEBUG_INFO = YES;
				ONLY_ACTIVE_ARCH = YES;
				SDKROOT = iphoneos;
			};
			name = Debug;
		};
		4C53BD081CDAE3E200E1DE3F /* Release */ = {
			isa = XCBuildConfiguration;
			buildSettings = {
				ALWAYS_SEARCH_USER_PATHS = NO;
				CLANG_CXX_LANGUAGE_STANDARD = "gnu++0x";
				CLANG_CXX_LIBRARY = "libc++";
				CLANG_ENABLE_MODULES = YES;
				CLANG_ENABLE_OBJC_ARC = YES;
				CLANG_WARN_BOOL_CONVERSION = YES;
				CLANG_WARN_CONSTANT_CONVERSION = YES;
				CLANG_WARN_DIRECT_OBJC_ISA_USAGE = YES_ERROR;
				CLANG_WARN_EMPTY_BODY = YES;
				CLANG_WARN_ENUM_CONVERSION = YES;
				CLANG_WARN_INT_CONVERSION = YES;
				CLANG_WARN_OBJC_ROOT_CLASS = YES_ERROR;
				CLANG_WARN_UNREACHABLE_CODE = YES;
				CLANG_WARN__DUPLICATE_METHOD_MATCH = YES;
				"CODE_SIGN_IDENTITY[sdk=iphoneos*]" = "iPhone Developer";
				COPY_PHASE_STRIP = NO;
				DEBUG_INFORMATION_FORMAT = "dwarf-with-dsym";
				ENABLE_NS_ASSERTIONS = NO;
				ENABLE_STRICT_OBJC_MSGSEND = YES;
				GCC_C_LANGUAGE_STANDARD = gnu99;
				GCC_NO_COMMON_BLOCKS = YES;
				GCC_WARN_64_TO_32_BIT_CONVERSION = YES;
				GCC_WARN_ABOUT_RETURN_TYPE = YES_ERROR;
				GCC_WARN_UNDECLARED_SELECTOR = YES;
				GCC_WARN_UNINITIALIZED_AUTOS = YES_AGGRESSIVE;
				GCC_WARN_UNUSED_FUNCTION = YES;
				GCC_WARN_UNUSED_VARIABLE = YES;
				IPHONEOS_DEPLOYMENT_TARGET = 9.2;
				MTL_ENABLE_DEBUG_INFO = NO;
				SDKROOT = iphoneos;
				VALIDATE_PRODUCT = YES;
			};
			name = Release;
		};
		4C53BD0A1CDAE3E200E1DE3F /* Debug */ = {
			isa = XCBuildConfiguration;
			buildSettings = {
				ASSETCATALOG_COMPILER_APPICON_NAME = AppIcon;
				INFOPLIST_FILE = KBPersistance/Info.plist;
				IPHONEOS_DEPLOYMENT_TARGET = 8.1;
				LD_RUNPATH_SEARCH_PATHS = "$(inherited) @executable_path/Frameworks";
				PRODUCT_BUNDLE_IDENTIFIER = com.3glasses.KBPersistance;
				PRODUCT_NAME = "$(TARGET_NAME)";
			};
			name = Debug;
		};
		4C53BD0B1CDAE3E200E1DE3F /* Release */ = {
			isa = XCBuildConfiguration;
			buildSettings = {
				ASSETCATALOG_COMPILER_APPICON_NAME = AppIcon;
				INFOPLIST_FILE = KBPersistance/Info.plist;
				IPHONEOS_DEPLOYMENT_TARGET = 8.1;
				LD_RUNPATH_SEARCH_PATHS = "$(inherited) @executable_path/Frameworks";
				PRODUCT_BUNDLE_IDENTIFIER = com.3glasses.KBPersistance;
				PRODUCT_NAME = "$(TARGET_NAME)";
			};
			name = Release;
		};
		4C53BD0D1CDAE3E200E1DE3F /* Debug */ = {
			isa = XCBuildConfiguration;
			buildSettings = {
				BUNDLE_LOADER = "$(TEST_HOST)";
				INFOPLIST_FILE = KBPersistanceTests/Info.plist;
				LD_RUNPATH_SEARCH_PATHS = "$(inherited) @executable_path/Frameworks @loader_path/Frameworks";
				PRODUCT_BUNDLE_IDENTIFIER = com.3glasses.KBPersistanceTests;
				PRODUCT_NAME = "$(TARGET_NAME)";
				TEST_HOST = "$(BUILT_PRODUCTS_DIR)/KBPersistance.app/KBPersistance";
			};
			name = Debug;
		};
		4C53BD0E1CDAE3E200E1DE3F /* Release */ = {
			isa = XCBuildConfiguration;
			buildSettings = {
				BUNDLE_LOADER = "$(TEST_HOST)";
				INFOPLIST_FILE = KBPersistanceTests/Info.plist;
				LD_RUNPATH_SEARCH_PATHS = "$(inherited) @executable_path/Frameworks @loader_path/Frameworks";
				PRODUCT_BUNDLE_IDENTIFIER = com.3glasses.KBPersistanceTests;
				PRODUCT_NAME = "$(TARGET_NAME)";
				TEST_HOST = "$(BUILT_PRODUCTS_DIR)/KBPersistance.app/KBPersistance";
			};
			name = Release;
		};
		4C53BD101CDAE3E200E1DE3F /* Debug */ = {
			isa = XCBuildConfiguration;
			buildSettings = {
				INFOPLIST_FILE = KBPersistanceUITests/Info.plist;
				LD_RUNPATH_SEARCH_PATHS = "$(inherited) @executable_path/Frameworks @loader_path/Frameworks";
				PRODUCT_BUNDLE_IDENTIFIER = com.3glasses.KBPersistanceUITests;
				PRODUCT_NAME = "$(TARGET_NAME)";
				TEST_TARGET_NAME = KBPersistance;
				USES_XCTRUNNER = YES;
			};
			name = Debug;
		};
		4C53BD111CDAE3E200E1DE3F /* Release */ = {
			isa = XCBuildConfiguration;
			buildSettings = {
				INFOPLIST_FILE = KBPersistanceUITests/Info.plist;
				LD_RUNPATH_SEARCH_PATHS = "$(inherited) @executable_path/Frameworks @loader_path/Frameworks";
				PRODUCT_BUNDLE_IDENTIFIER = com.3glasses.KBPersistanceUITests;
				PRODUCT_NAME = "$(TARGET_NAME)";
				TEST_TARGET_NAME = KBPersistance;
				USES_XCTRUNNER = YES;
			};
			name = Release;
		};
/* End XCBuildConfiguration section */

/* Begin XCConfigurationList section */
		4C53BCD71CDAE3E200E1DE3F /* Build configuration list for PBXProject "KBPersistance" */ = {
			isa = XCConfigurationList;
			buildConfigurations = (
				4C53BD071CDAE3E200E1DE3F /* Debug */,
				4C53BD081CDAE3E200E1DE3F /* Release */,
			);
			defaultConfigurationIsVisible = 0;
			defaultConfigurationName = Release;
		};
		4C53BD091CDAE3E200E1DE3F /* Build configuration list for PBXNativeTarget "KBPersistance" */ = {
			isa = XCConfigurationList;
			buildConfigurations = (
				4C53BD0A1CDAE3E200E1DE3F /* Debug */,
				4C53BD0B1CDAE3E200E1DE3F /* Release */,
			);
			defaultConfigurationIsVisible = 0;
			defaultConfigurationName = Release;
		};
		4C53BD0C1CDAE3E200E1DE3F /* Build configuration list for PBXNativeTarget "KBPersistanceTests" */ = {
			isa = XCConfigurationList;
			buildConfigurations = (
				4C53BD0D1CDAE3E200E1DE3F /* Debug */,
				4C53BD0E1CDAE3E200E1DE3F /* Release */,
			);
			defaultConfigurationIsVisible = 0;
			defaultConfigurationName = Release;
		};
		4C53BD0F1CDAE3E200E1DE3F /* Build configuration list for PBXNativeTarget "KBPersistanceUITests" */ = {
			isa = XCConfigurationList;
			buildConfigurations = (
				4C53BD101CDAE3E200E1DE3F /* Debug */,
				4C53BD111CDAE3E200E1DE3F /* Release */,
			);
			defaultConfigurationIsVisible = 0;
			defaultConfigurationName = Release;
		};
/* End XCConfigurationList section */
	};
	rootObject = 4C53BCD41CDAE3E200E1DE3F /* Project object */;
}
